// !$*UTF8*$!
{
	archiveVersion = 1;
	classes = {
	};
	objectVersion = 46;
	objects = {

/* Begin PBXBuildFile section */
		64B505B663025D1965FE53F1 /* Pods_PartyHunterTests.framework in Frameworks */ = {isa = PBXBuildFile; fileRef = 2B8FBF6155C426752091C881 /* Pods_PartyHunterTests.framework */; };
		8CFC15F11D7E937000A99C56 /* AppDelegate.swift in Sources */ = {isa = PBXBuildFile; fileRef = 8CFC15F01D7E937000A99C56 /* AppDelegate.swift */; };
		8CFC15F31D7E937000A99C56 /* ViewController.swift in Sources */ = {isa = PBXBuildFile; fileRef = 8CFC15F21D7E937000A99C56 /* ViewController.swift */; };
		8CFC15F61D7E937000A99C56 /* Main.storyboard in Resources */ = {isa = PBXBuildFile; fileRef = 8CFC15F41D7E937000A99C56 /* Main.storyboard */; };
		8CFC15F81D7E937000A99C56 /* Assets.xcassets in Resources */ = {isa = PBXBuildFile; fileRef = 8CFC15F71D7E937000A99C56 /* Assets.xcassets */; };
		8CFC15FB1D7E937000A99C56 /* LaunchScreen.storyboard in Resources */ = {isa = PBXBuildFile; fileRef = 8CFC15F91D7E937000A99C56 /* LaunchScreen.storyboard */; };
		8CFC16061D7E937000A99C56 /* PartyHunterTests.swift in Sources */ = {isa = PBXBuildFile; fileRef = 8CFC16051D7E937000A99C56 /* PartyHunterTests.swift */; };
		8CFC16111D7E937000A99C56 /* PartyHunterUITests.swift in Sources */ = {isa = PBXBuildFile; fileRef = 8CFC16101D7E937000A99C56 /* PartyHunterUITests.swift */; };
		8CFC16201D7E946100A99C56 /* LoginController.swift in Sources */ = {isa = PBXBuildFile; fileRef = 8CFC161F1D7E946100A99C56 /* LoginController.swift */; };
		8CFC16221D7E94E100A99C56 /* GoogleService-Info.plist in Resources */ = {isa = PBXBuildFile; fileRef = 8CFC16211D7E94E100A99C56 /* GoogleService-Info.plist */; };
		E31E9FF55C0FDD9D9CEBDC62 /* Pods_PartyHunterUITests.framework in Frameworks */ = {isa = PBXBuildFile; fileRef = 5929BE951C994FB2E3455DC1 /* Pods_PartyHunterUITests.framework */; };
		E4283765DFB5B5EC8776E66F /* Pods_PartyHunter.framework in Frameworks */ = {isa = PBXBuildFile; fileRef = DD2A6707E369821122505941 /* Pods_PartyHunter.framework */; };
/* End PBXBuildFile section */

/* Begin PBXContainerItemProxy section */
		8CFC16021D7E937000A99C56 /* PBXContainerItemProxy */ = {
			isa = PBXContainerItemProxy;
			containerPortal = 8CFC15E51D7E937000A99C56 /* Project object */;
			proxyType = 1;
			remoteGlobalIDString = 8CFC15EC1D7E937000A99C56;
			remoteInfo = PartyHunter;
		};
		8CFC160D1D7E937000A99C56 /* PBXContainerItemProxy */ = {
			isa = PBXContainerItemProxy;
			containerPortal = 8CFC15E51D7E937000A99C56 /* Project object */;
			proxyType = 1;
			remoteGlobalIDString = 8CFC15EC1D7E937000A99C56;
			remoteInfo = PartyHunter;
		};
/* End PBXContainerItemProxy section */

/* Begin PBXFileReference section */
		0F2401DAC9389CB219693ADB /* Pods-PartyHunterTests.debug.xcconfig */ = {isa = PBXFileReference; includeInIndex = 1; lastKnownFileType = text.xcconfig; name = "Pods-PartyHunterTests.debug.xcconfig"; path = "Pods/Target Support Files/Pods-PartyHunterTests/Pods-PartyHunterTests.debug.xcconfig"; sourceTree = "<group>"; };
		2B8FBF6155C426752091C881 /* Pods_PartyHunterTests.framework */ = {isa = PBXFileReference; explicitFileType = wrapper.framework; includeInIndex = 0; path = Pods_PartyHunterTests.framework; sourceTree = BUILT_PRODUCTS_DIR; };
		4708A7C8DC37FA07ECF01AC1 /* Pods-PartyHunterUITests.debug.xcconfig */ = {isa = PBXFileReference; includeInIndex = 1; lastKnownFileType = text.xcconfig; name = "Pods-PartyHunterUITests.debug.xcconfig"; path = "Pods/Target Support Files/Pods-PartyHunterUITests/Pods-PartyHunterUITests.debug.xcconfig"; sourceTree = "<group>"; };
		5929BE951C994FB2E3455DC1 /* Pods_PartyHunterUITests.framework */ = {isa = PBXFileReference; explicitFileType = wrapper.framework; includeInIndex = 0; path = Pods_PartyHunterUITests.framework; sourceTree = BUILT_PRODUCTS_DIR; };
		61A6778CDACC0FE1FA36CC62 /* Pods-PartyHunterTests.release.xcconfig */ = {isa = PBXFileReference; includeInIndex = 1; lastKnownFileType = text.xcconfig; name = "Pods-PartyHunterTests.release.xcconfig"; path = "Pods/Target Support Files/Pods-PartyHunterTests/Pods-PartyHunterTests.release.xcconfig"; sourceTree = "<group>"; };
		8CFC15ED1D7E937000A99C56 /* PartyHunter.app */ = {isa = PBXFileReference; explicitFileType = wrapper.application; includeInIndex = 0; path = PartyHunter.app; sourceTree = BUILT_PRODUCTS_DIR; };
		8CFC15F01D7E937000A99C56 /* AppDelegate.swift */ = {isa = PBXFileReference; lastKnownFileType = sourcecode.swift; path = AppDelegate.swift; sourceTree = "<group>"; };
		8CFC15F21D7E937000A99C56 /* ViewController.swift */ = {isa = PBXFileReference; lastKnownFileType = sourcecode.swift; path = ViewController.swift; sourceTree = "<group>"; };
		8CFC15F51D7E937000A99C56 /* Base */ = {isa = PBXFileReference; lastKnownFileType = file.storyboard; name = Base; path = Base.lproj/Main.storyboard; sourceTree = "<group>"; };
		8CFC15F71D7E937000A99C56 /* Assets.xcassets */ = {isa = PBXFileReference; lastKnownFileType = folder.assetcatalog; path = Assets.xcassets; sourceTree = "<group>"; };
		8CFC15FA1D7E937000A99C56 /* Base */ = {isa = PBXFileReference; lastKnownFileType = file.storyboard; name = Base; path = Base.lproj/LaunchScreen.storyboard; sourceTree = "<group>"; };
		8CFC15FC1D7E937000A99C56 /* Info.plist */ = {isa = PBXFileReference; lastKnownFileType = text.plist.xml; path = Info.plist; sourceTree = "<group>"; };
		8CFC16011D7E937000A99C56 /* PartyHunterTests.xctest */ = {isa = PBXFileReference; explicitFileType = wrapper.cfbundle; includeInIndex = 0; path = PartyHunterTests.xctest; sourceTree = BUILT_PRODUCTS_DIR; };
		8CFC16051D7E937000A99C56 /* PartyHunterTests.swift */ = {isa = PBXFileReference; lastKnownFileType = sourcecode.swift; path = PartyHunterTests.swift; sourceTree = "<group>"; };
		8CFC16071D7E937000A99C56 /* Info.plist */ = {isa = PBXFileReference; lastKnownFileType = text.plist.xml; path = Info.plist; sourceTree = "<group>"; };
		8CFC160C1D7E937000A99C56 /* PartyHunterUITests.xctest */ = {isa = PBXFileReference; explicitFileType = wrapper.cfbundle; includeInIndex = 0; path = PartyHunterUITests.xctest; sourceTree = BUILT_PRODUCTS_DIR; };
		8CFC16101D7E937000A99C56 /* PartyHunterUITests.swift */ = {isa = PBXFileReference; lastKnownFileType = sourcecode.swift; path = PartyHunterUITests.swift; sourceTree = "<group>"; };
		8CFC16121D7E937000A99C56 /* Info.plist */ = {isa = PBXFileReference; lastKnownFileType = text.plist.xml; path = Info.plist; sourceTree = "<group>"; };
		8CFC161F1D7E946100A99C56 /* LoginController.swift */ = {isa = PBXFileReference; fileEncoding = 4; lastKnownFileType = sourcecode.swift; path = LoginController.swift; sourceTree = "<group>"; };
		8CFC16211D7E94E100A99C56 /* GoogleService-Info.plist */ = {isa = PBXFileReference; fileEncoding = 4; lastKnownFileType = text.plist.xml; path = "GoogleService-Info.plist"; sourceTree = "<group>"; };
		8CFC162F1D7E966100A99C56 /* PartyHunter-Bridging-Header.h */ = {isa = PBXFileReference; lastKnownFileType = sourcecode.c.h; path = "PartyHunter-Bridging-Header.h"; sourceTree = "<group>"; };
		A454EAEE9AA22B1367E35B80 /* Pods-PartyHunterUITests.release.xcconfig */ = {isa = PBXFileReference; includeInIndex = 1; lastKnownFileType = text.xcconfig; name = "Pods-PartyHunterUITests.release.xcconfig"; path = "Pods/Target Support Files/Pods-PartyHunterUITests/Pods-PartyHunterUITests.release.xcconfig"; sourceTree = "<group>"; };
		C4E42BA33E9EC09444A1957E /* Pods-PartyHunter.release.xcconfig */ = {isa = PBXFileReference; includeInIndex = 1; lastKnownFileType = text.xcconfig; name = "Pods-PartyHunter.release.xcconfig"; path = "Pods/Target Support Files/Pods-PartyHunter/Pods-PartyHunter.release.xcconfig"; sourceTree = "<group>"; };
		DCA35104C419C2FBDB548150 /* Pods-PartyHunter.debug.xcconfig */ = {isa = PBXFileReference; includeInIndex = 1; lastKnownFileType = text.xcconfig; name = "Pods-PartyHunter.debug.xcconfig"; path = "Pods/Target Support Files/Pods-PartyHunter/Pods-PartyHunter.debug.xcconfig"; sourceTree = "<group>"; };
		DD2A6707E369821122505941 /* Pods_PartyHunter.framework */ = {isa = PBXFileReference; explicitFileType = wrapper.framework; includeInIndex = 0; path = Pods_PartyHunter.framework; sourceTree = BUILT_PRODUCTS_DIR; };
/* End PBXFileReference section */

/* Begin PBXFrameworksBuildPhase section */
		8CFC15EA1D7E937000A99C56 /* Frameworks */ = {
			isa = PBXFrameworksBuildPhase;
			buildActionMask = 2147483647;
			files = (
				E4283765DFB5B5EC8776E66F /* Pods_PartyHunter.framework in Frameworks */,
			);
			runOnlyForDeploymentPostprocessing = 0;
		};
		8CFC15FE1D7E937000A99C56 /* Frameworks */ = {
			isa = PBXFrameworksBuildPhase;
			buildActionMask = 2147483647;
			files = (
				64B505B663025D1965FE53F1 /* Pods_PartyHunterTests.framework in Frameworks */,
			);
			runOnlyForDeploymentPostprocessing = 0;
		};
		8CFC16091D7E937000A99C56 /* Frameworks */ = {
			isa = PBXFrameworksBuildPhase;
			buildActionMask = 2147483647;
			files = (
				E31E9FF55C0FDD9D9CEBDC62 /* Pods_PartyHunterUITests.framework in Frameworks */,
			);
			runOnlyForDeploymentPostprocessing = 0;
		};
/* End PBXFrameworksBuildPhase section */

/* Begin PBXGroup section */
		046FFF98AA8CE704B34C2234 /* Pods */ = {
			isa = PBXGroup;
			children = (
				DCA35104C419C2FBDB548150 /* Pods-PartyHunter.debug.xcconfig */,
				C4E42BA33E9EC09444A1957E /* Pods-PartyHunter.release.xcconfig */,
				0F2401DAC9389CB219693ADB /* Pods-PartyHunterTests.debug.xcconfig */,
				61A6778CDACC0FE1FA36CC62 /* Pods-PartyHunterTests.release.xcconfig */,
				4708A7C8DC37FA07ECF01AC1 /* Pods-PartyHunterUITests.debug.xcconfig */,
				A454EAEE9AA22B1367E35B80 /* Pods-PartyHunterUITests.release.xcconfig */,
			);
			name = Pods;
			sourceTree = "<group>";
		};
		203A1AF879B09FDEF5D61A5D /* Frameworks */ = {
			isa = PBXGroup;
			children = (
				DD2A6707E369821122505941 /* Pods_PartyHunter.framework */,
				2B8FBF6155C426752091C881 /* Pods_PartyHunterTests.framework */,
				5929BE951C994FB2E3455DC1 /* Pods_PartyHunterUITests.framework */,
			);
			name = Frameworks;
			sourceTree = "<group>";
		};
		8CFC15E41D7E936F00A99C56 = {
			isa = PBXGroup;
			children = (
				8CFC15EF1D7E937000A99C56 /* PartyHunter */,
				8CFC16041D7E937000A99C56 /* PartyHunterTests */,
				8CFC160F1D7E937000A99C56 /* PartyHunterUITests */,
				8CFC15EE1D7E937000A99C56 /* Products */,
				046FFF98AA8CE704B34C2234 /* Pods */,
				203A1AF879B09FDEF5D61A5D /* Frameworks */,
			);
			sourceTree = "<group>";
		};
		8CFC15EE1D7E937000A99C56 /* Products */ = {
			isa = PBXGroup;
			children = (
				8CFC15ED1D7E937000A99C56 /* PartyHunter.app */,
				8CFC16011D7E937000A99C56 /* PartyHunterTests.xctest */,
				8CFC160C1D7E937000A99C56 /* PartyHunterUITests.xctest */,
			);
			name = Products;
			sourceTree = "<group>";
		};
		8CFC15EF1D7E937000A99C56 /* PartyHunter */ = {
			isa = PBXGroup;
			children = (
				8CFC161E1D7E944000A99C56 /* Controller */,
				8CFC15F01D7E937000A99C56 /* AppDelegate.swift */,
				8CFC15F21D7E937000A99C56 /* ViewController.swift */,
				8CFC15F41D7E937000A99C56 /* Main.storyboard */,
				8CFC15F71D7E937000A99C56 /* Assets.xcassets */,
				8CFC15F91D7E937000A99C56 /* LaunchScreen.storyboard */,
				8CFC15FC1D7E937000A99C56 /* Info.plist */,
				8CFC16211D7E94E100A99C56 /* GoogleService-Info.plist */,
				8CFC162F1D7E966100A99C56 /* PartyHunter-Bridging-Header.h */,
			);
			path = PartyHunter;
			sourceTree = "<group>";
		};
		8CFC16041D7E937000A99C56 /* PartyHunterTests */ = {
			isa = PBXGroup;
			children = (
				8CFC16051D7E937000A99C56 /* PartyHunterTests.swift */,
				8CFC16071D7E937000A99C56 /* Info.plist */,
			);
			path = PartyHunterTests;
			sourceTree = "<group>";
		};
		8CFC160F1D7E937000A99C56 /* PartyHunterUITests */ = {
			isa = PBXGroup;
			children = (
				8CFC16101D7E937000A99C56 /* PartyHunterUITests.swift */,
				8CFC16121D7E937000A99C56 /* Info.plist */,
			);
			path = PartyHunterUITests;
			sourceTree = "<group>";
		};
		8CFC161E1D7E944000A99C56 /* Controller */ = {
			isa = PBXGroup;
			children = (
				8CFC161F1D7E946100A99C56 /* LoginController.swift */,
			);
			name = Controller;
			sourceTree = "<group>";
		};
/* End PBXGroup section */

/* Begin PBXNativeTarget section */
		8CFC15EC1D7E937000A99C56 /* PartyHunter */ = {
			isa = PBXNativeTarget;
			buildConfigurationList = 8CFC16151D7E937000A99C56 /* Build configuration list for PBXNativeTarget "PartyHunter" */;
			buildPhases = (
				340F10DABE2FBB8D9E8C6842 /* [CP] Check Pods Manifest.lock */,
				8CFC15E91D7E937000A99C56 /* Sources */,
				8CFC15EA1D7E937000A99C56 /* Frameworks */,
				8CFC15EB1D7E937000A99C56 /* Resources */,
				D6FB82D2FB98066BC5C01ABA /* [CP] Embed Pods Frameworks */,
				4F722D6FD4340BB625CFA020 /* [CP] Copy Pods Resources */,
			);
			buildRules = (
			);
			dependencies = (
			);
			name = PartyHunter;
			productName = PartyHunter;
			productReference = 8CFC15ED1D7E937000A99C56 /* PartyHunter.app */;
			productType = "com.apple.product-type.application";
		};
		8CFC16001D7E937000A99C56 /* PartyHunterTests */ = {
			isa = PBXNativeTarget;
			buildConfigurationList = 8CFC16181D7E937000A99C56 /* Build configuration list for PBXNativeTarget "PartyHunterTests" */;
			buildPhases = (
				392E4E9AD0E600B5C82C4179 /* [CP] Check Pods Manifest.lock */,
				8CFC15FD1D7E937000A99C56 /* Sources */,
				8CFC15FE1D7E937000A99C56 /* Frameworks */,
				8CFC15FF1D7E937000A99C56 /* Resources */,
				81540F90AA3EF64B726A8A0C /* [CP] Embed Pods Frameworks */,
				CB16C5974905682BC30C4D6D /* [CP] Copy Pods Resources */,
			);
			buildRules = (
			);
			dependencies = (
				8CFC16031D7E937000A99C56 /* PBXTargetDependency */,
			);
			name = PartyHunterTests;
			productName = PartyHunterTests;
			productReference = 8CFC16011D7E937000A99C56 /* PartyHunterTests.xctest */;
			productType = "com.apple.product-type.bundle.unit-test";
		};
		8CFC160B1D7E937000A99C56 /* PartyHunterUITests */ = {
			isa = PBXNativeTarget;
			buildConfigurationList = 8CFC161B1D7E937000A99C56 /* Build configuration list for PBXNativeTarget "PartyHunterUITests" */;
			buildPhases = (
				716FD4271CD3FDAA7C08C0DB /* [CP] Check Pods Manifest.lock */,
				8CFC16081D7E937000A99C56 /* Sources */,
				8CFC16091D7E937000A99C56 /* Frameworks */,
				8CFC160A1D7E937000A99C56 /* Resources */,
				CF9B66F710F37D289EE8FE81 /* [CP] Copy Pods Resources */,
			);
			buildRules = (
			);
			dependencies = (
				8CFC160E1D7E937000A99C56 /* PBXTargetDependency */,
			);
			name = PartyHunterUITests;
			productName = PartyHunterUITests;
			productReference = 8CFC160C1D7E937000A99C56 /* PartyHunterUITests.xctest */;
			productType = "com.apple.product-type.bundle.ui-testing";
		};
/* End PBXNativeTarget section */

/* Begin PBXProject section */
		8CFC15E51D7E937000A99C56 /* Project object */ = {
			isa = PBXProject;
			attributes = {
				LastSwiftUpdateCheck = 0730;
				LastUpgradeCheck = 0730;
				ORGANIZATIONNAME = "Vicente Flores Quintanilla";
				TargetAttributes = {
					8CFC15EC1D7E937000A99C56 = {
						CreatedOnToolsVersion = 7.3.1;
						DevelopmentTeam = 3P77G8CPLQ;
					};
					8CFC16001D7E937000A99C56 = {
						CreatedOnToolsVersion = 7.3.1;
						DevelopmentTeam = KQW9PQ8LNW;
						TestTargetID = 8CFC15EC1D7E937000A99C56;
					};
					8CFC160B1D7E937000A99C56 = {
						CreatedOnToolsVersion = 7.3.1;
						DevelopmentTeam = KQW9PQ8LNW;
						TestTargetID = 8CFC15EC1D7E937000A99C56;
					};
				};
			};
			buildConfigurationList = 8CFC15E81D7E937000A99C56 /* Build configuration list for PBXProject "PartyHunter" */;
			compatibilityVersion = "Xcode 3.2";
			developmentRegion = English;
			hasScannedForEncodings = 0;
			knownRegions = (
				en,
				Base,
			);
			mainGroup = 8CFC15E41D7E936F00A99C56;
			productRefGroup = 8CFC15EE1D7E937000A99C56 /* Products */;
			projectDirPath = "";
			projectRoot = "";
			targets = (
				8CFC15EC1D7E937000A99C56 /* PartyHunter */,
				8CFC16001D7E937000A99C56 /* PartyHunterTests */,
				8CFC160B1D7E937000A99C56 /* PartyHunterUITests */,
			);
		};
/* End PBXProject section */

/* Begin PBXResourcesBuildPhase section */
		8CFC15EB1D7E937000A99C56 /* Resources */ = {
			isa = PBXResourcesBuildPhase;
			buildActionMask = 2147483647;
			files = (
				8CFC15FB1D7E937000A99C56 /* LaunchScreen.storyboard in Resources */,
				8CFC15F81D7E937000A99C56 /* Assets.xcassets in Resources */,
				8CFC16221D7E94E100A99C56 /* GoogleService-Info.plist in Resources */,
				8CFC15F61D7E937000A99C56 /* Main.storyboard in Resources */,
			);
			runOnlyForDeploymentPostprocessing = 0;
		};
		8CFC15FF1D7E937000A99C56 /* Resources */ = {
			isa = PBXResourcesBuildPhase;
			buildActionMask = 2147483647;
			files = (
			);
			runOnlyForDeploymentPostprocessing = 0;
		};
		8CFC160A1D7E937000A99C56 /* Resources */ = {
			isa = PBXResourcesBuildPhase;
			buildActionMask = 2147483647;
			files = (
			);
			runOnlyForDeploymentPostprocessing = 0;
		};
/* End PBXResourcesBuildPhase section */

/* Begin PBXShellScriptBuildPhase section */
		340F10DABE2FBB8D9E8C6842 /* [CP] Check Pods Manifest.lock */ = {
			isa = PBXShellScriptBuildPhase;
			buildActionMask = 2147483647;
			files = (
			);
			inputPaths = (
			);
			name = "[CP] Check Pods Manifest.lock";
			outputPaths = (
			);
			runOnlyForDeploymentPostprocessing = 0;
			shellPath = /bin/sh;
			shellScript = "diff \"${PODS_ROOT}/../Podfile.lock\" \"${PODS_ROOT}/Manifest.lock\" > /dev/null\nif [[ $? != 0 ]] ; then\n    cat << EOM\nerror: The sandbox is not in sync with the Podfile.lock. Run 'pod install' or update your CocoaPods installation.\nEOM\n    exit 1\nfi\n";
			showEnvVarsInLog = 0;
		};
		392E4E9AD0E600B5C82C4179 /* [CP] Check Pods Manifest.lock */ = {
			isa = PBXShellScriptBuildPhase;
			buildActionMask = 2147483647;
			files = (
			);
			inputPaths = (
			);
			name = "[CP] Check Pods Manifest.lock";
			outputPaths = (
			);
			runOnlyForDeploymentPostprocessing = 0;
			shellPath = /bin/sh;
			shellScript = "diff \"${PODS_ROOT}/../Podfile.lock\" \"${PODS_ROOT}/Manifest.lock\" > /dev/null\nif [[ $? != 0 ]] ; then\n    cat << EOM\nerror: The sandbox is not in sync with the Podfile.lock. Run 'pod install' or update your CocoaPods installation.\nEOM\n    exit 1\nfi\n";
			showEnvVarsInLog = 0;
		};
		4F722D6FD4340BB625CFA020 /* [CP] Copy Pods Resources */ = {
			isa = PBXShellScriptBuildPhase;
			buildActionMask = 2147483647;
			files = (
			);
			inputPaths = (
			);
			name = "[CP] Copy Pods Resources";
			outputPaths = (
			);
			runOnlyForDeploymentPostprocessing = 0;
			shellPath = /bin/sh;
			shellScript = "\"${SRCROOT}/Pods/Target Support Files/Pods-PartyHunter/Pods-PartyHunter-resources.sh\"\n";
			showEnvVarsInLog = 0;
		};
		716FD4271CD3FDAA7C08C0DB /* [CP] Check Pods Manifest.lock */ = {
			isa = PBXShellScriptBuildPhase;
			buildActionMask = 2147483647;
			files = (
			);
			inputPaths = (
			);
			name = "[CP] Check Pods Manifest.lock";
			outputPaths = (
			);
			runOnlyForDeploymentPostprocessing = 0;
			shellPath = /bin/sh;
			shellScript = "diff \"${PODS_ROOT}/../Podfile.lock\" \"${PODS_ROOT}/Manifest.lock\" > /dev/null\nif [[ $? != 0 ]] ; then\n    cat << EOM\nerror: The sandbox is not in sync with the Podfile.lock. Run 'pod install' or update your CocoaPods installation.\nEOM\n    exit 1\nfi\n";
			showEnvVarsInLog = 0;
		};
		81540F90AA3EF64B726A8A0C /* [CP] Embed Pods Frameworks */ = {
			isa = PBXShellScriptBuildPhase;
			buildActionMask = 2147483647;
			files = (
			);
			inputPaths = (
			);
			name = "[CP] Embed Pods Frameworks";
			outputPaths = (
			);
			runOnlyForDeploymentPostprocessing = 0;
			shellPath = /bin/sh;
			shellScript = "\"${SRCROOT}/Pods/Target Support Files/Pods-PartyHunterTests/Pods-PartyHunterTests-frameworks.sh\"\n";
			showEnvVarsInLog = 0;
		};
		CB16C5974905682BC30C4D6D /* [CP] Copy Pods Resources */ = {
			isa = PBXShellScriptBuildPhase;
			buildActionMask = 2147483647;
			files = (
			);
			inputPaths = (
			);
			name = "[CP] Copy Pods Resources";
			outputPaths = (
			);
			runOnlyForDeploymentPostprocessing = 0;
			shellPath = /bin/sh;
			shellScript = "\"${SRCROOT}/Pods/Target Support Files/Pods-PartyHunterTests/Pods-PartyHunterTests-resources.sh\"\n";
			showEnvVarsInLog = 0;
		};
		CF9B66F710F37D289EE8FE81 /* [CP] Copy Pods Resources */ = {
			isa = PBXShellScriptBuildPhase;
			buildActionMask = 2147483647;
			files = (
			);
			inputPaths = (
			);
			name = "[CP] Copy Pods Resources";
			outputPaths = (
			);
			runOnlyForDeploymentPostprocessing = 0;
			shellPath = /bin/sh;
			shellScript = "\"${SRCROOT}/Pods/Target Support Files/Pods-PartyHunterUITests/Pods-PartyHunterUITests-resources.sh\"\n";
			showEnvVarsInLog = 0;
		};
		D6FB82D2FB98066BC5C01ABA /* [CP] Embed Pods Frameworks */ = {
			isa = PBXShellScriptBuildPhase;
			buildActionMask = 2147483647;
			files = (
			);
			inputPaths = (
			);
			name = "[CP] Embed Pods Frameworks";
			outputPaths = (
			);
			runOnlyForDeploymentPostprocessing = 0;
			shellPath = /bin/sh;
			shellScript = "\"${SRCROOT}/Pods/Target Support Files/Pods-PartyHunter/Pods-PartyHunter-frameworks.sh\"\n";
			showEnvVarsInLog = 0;
		};
/* End PBXShellScriptBuildPhase section */

/* Begin PBXSourcesBuildPhase section */
		8CFC15E91D7E937000A99C56 /* Sources */ = {
			isa = PBXSourcesBuildPhase;
			buildActionMask = 2147483647;
			files = (
				8CFC15F31D7E937000A99C56 /* ViewController.swift in Sources */,
				8CFC16201D7E946100A99C56 /* LoginController.swift in Sources */,
				8CFC15F11D7E937000A99C56 /* AppDelegate.swift in Sources */,
			);
			runOnlyForDeploymentPostprocessing = 0;
		};
		8CFC15FD1D7E937000A99C56 /* Sources */ = {
			isa = PBXSourcesBuildPhase;
			buildActionMask = 2147483647;
			files = (
				8CFC16061D7E937000A99C56 /* PartyHunterTests.swift in Sources */,
			);
			runOnlyForDeploymentPostprocessing = 0;
		};
		8CFC16081D7E937000A99C56 /* Sources */ = {
			isa = PBXSourcesBuildPhase;
			buildActionMask = 2147483647;
			files = (
				8CFC16111D7E937000A99C56 /* PartyHunterUITests.swift in Sources */,
			);
			runOnlyForDeploymentPostprocessing = 0;
		};
/* End PBXSourcesBuildPhase section */

/* Begin PBXTargetDependency section */
		8CFC16031D7E937000A99C56 /* PBXTargetDependency */ = {
			isa = PBXTargetDependency;
			target = 8CFC15EC1D7E937000A99C56 /* PartyHunter */;
			targetProxy = 8CFC16021D7E937000A99C56 /* PBXContainerItemProxy */;
		};
		8CFC160E1D7E937000A99C56 /* PBXTargetDependency */ = {
			isa = PBXTargetDependency;
			target = 8CFC15EC1D7E937000A99C56 /* PartyHunter */;
			targetProxy = 8CFC160D1D7E937000A99C56 /* PBXContainerItemProxy */;
		};
/* End PBXTargetDependency section */

/* Begin PBXVariantGroup section */
		8CFC15F41D7E937000A99C56 /* Main.storyboard */ = {
			isa = PBXVariantGroup;
			children = (
				8CFC15F51D7E937000A99C56 /* Base */,
			);
			name = Main.storyboard;
			sourceTree = "<group>";
		};
		8CFC15F91D7E937000A99C56 /* LaunchScreen.storyboard */ = {
			isa = PBXVariantGroup;
			children = (
				8CFC15FA1D7E937000A99C56 /* Base */,
			);
			name = LaunchScreen.storyboard;
			sourceTree = "<group>";
		};
/* End PBXVariantGroup section */

/* Begin XCBuildConfiguration section */
		8CFC16131D7E937000A99C56 /* Debug */ = {
			isa = XCBuildConfiguration;
			buildSettings = {
				ALWAYS_SEARCH_USER_PATHS = NO;
				CLANG_ANALYZER_NONNULL = YES;
				CLANG_CXX_LANGUAGE_STANDARD = "gnu++0x";
				CLANG_CXX_LIBRARY = "libc++";
				CLANG_ENABLE_MODULES = YES;
				CLANG_ENABLE_OBJC_ARC = YES;
				CLANG_WARN_BOOL_CONVERSION = YES;
				CLANG_WARN_CONSTANT_CONVERSION = YES;
				CLANG_WARN_DIRECT_OBJC_ISA_USAGE = YES_ERROR;
				CLANG_WARN_EMPTY_BODY = YES;
				CLANG_WARN_ENUM_CONVERSION = YES;
				CLANG_WARN_INT_CONVERSION = YES;
				CLANG_WARN_OBJC_ROOT_CLASS = YES_ERROR;
				CLANG_WARN_UNREACHABLE_CODE = YES;
				CLANG_WARN__DUPLICATE_METHOD_MATCH = YES;
				"CODE_SIGN_IDENTITY[sdk=iphoneos*]" = "iPhone Developer";
				COPY_PHASE_STRIP = NO;
				DEBUG_INFORMATION_FORMAT = dwarf;
				ENABLE_STRICT_OBJC_MSGSEND = YES;
				ENABLE_TESTABILITY = YES;
				GCC_C_LANGUAGE_STANDARD = gnu99;
				GCC_DYNAMIC_NO_PIC = NO;
				GCC_NO_COMMON_BLOCKS = YES;
				GCC_OPTIMIZATION_LEVEL = 0;
				GCC_PREPROCESSOR_DEFINITIONS = (
					"DEBUG=1",
					"$(inherited)",
				);
				GCC_WARN_64_TO_32_BIT_CONVERSION = YES;
				GCC_WARN_ABOUT_RETURN_TYPE = YES_ERROR;
				GCC_WARN_UNDECLARED_SELECTOR = YES;
				GCC_WARN_UNINITIALIZED_AUTOS = YES_AGGRESSIVE;
				GCC_WARN_UNUSED_FUNCTION = YES;
				GCC_WARN_UNUSED_VARIABLE = YES;
				IPHONEOS_DEPLOYMENT_TARGET = 9.3;
				MTL_ENABLE_DEBUG_INFO = YES;
				ONLY_ACTIVE_ARCH = YES;
				SDKROOT = iphoneos;
				SWIFT_OPTIMIZATION_LEVEL = "-Onone";
			};
			name = Debug;
		};
		8CFC16141D7E937000A99C56 /* Release */ = {
			isa = XCBuildConfiguration;
			buildSettings = {
				ALWAYS_SEARCH_USER_PATHS = NO;
				CLANG_ANALYZER_NONNULL = YES;
				CLANG_CXX_LANGUAGE_STANDARD = "gnu++0x";
				CLANG_CXX_LIBRARY = "libc++";
				CLANG_ENABLE_MODULES = YES;
				CLANG_ENABLE_OBJC_ARC = YES;
				CLANG_WARN_BOOL_CONVERSION = YES;
				CLANG_WARN_CONSTANT_CONVERSION = YES;
				CLANG_WARN_DIRECT_OBJC_ISA_USAGE = YES_ERROR;
				CLANG_WARN_EMPTY_BODY = YES;
				CLANG_WARN_ENUM_CONVERSION = YES;
				CLANG_WARN_INT_CONVERSION = YES;
				CLANG_WARN_OBJC_ROOT_CLASS = YES_ERROR;
				CLANG_WARN_UNREACHABLE_CODE = YES;
				CLANG_WARN__DUPLICATE_METHOD_MATCH = YES;
				"CODE_SIGN_IDENTITY[sdk=iphoneos*]" = "iPhone Developer";
				COPY_PHASE_STRIP = NO;
				DEBUG_INFORMATION_FORMAT = "dwarf-with-dsym";
				ENABLE_NS_ASSERTIONS = NO;
				ENABLE_STRICT_OBJC_MSGSEND = YES;
				GCC_C_LANGUAGE_STANDARD = gnu99;
				GCC_NO_COMMON_BLOCKS = YES;
				GCC_WARN_64_TO_32_BIT_CONVERSION = YES;
				GCC_WARN_ABOUT_RETURN_TYPE = YES_ERROR;
				GCC_WARN_UNDECLARED_SELECTOR = YES;
				GCC_WARN_UNINITIALIZED_AUTOS = YES_AGGRESSIVE;
				GCC_WARN_UNUSED_FUNCTION = YES;
				GCC_WARN_UNUSED_VARIABLE = YES;
				IPHONEOS_DEPLOYMENT_TARGET = 9.3;
				MTL_ENABLE_DEBUG_INFO = NO;
				SDKROOT = iphoneos;
				VALIDATE_PRODUCT = YES;
			};
			name = Release;
		};
		8CFC16161D7E937000A99C56 /* Debug */ = {
			isa = XCBuildConfiguration;
			baseConfigurationReference = DCA35104C419C2FBDB548150 /* Pods-PartyHunter.debug.xcconfig */;
			buildSettings = {
				ASSETCATALOG_COMPILER_APPICON_NAME = AppIcon;
				CLANG_ENABLE_MODULES = YES;
				CODE_SIGN_IDENTITY = "iPhone Developer";
				FRAMEWORK_SEARCH_PATHS = (
					"$(inherited)",
					"$(PROJECT_DIR)/PartyHunter",
				);
				INFOPLIST_FILE = PartyHunter/Info.plist;
				LD_RUNPATH_SEARCH_PATHS = "$(inherited) @executable_path/Frameworks";
				PRODUCT_BUNDLE_IDENTIFIER = com.daniel.PartyHunter;
				PRODUCT_NAME = "$(TARGET_NAME)";
				SWIFT_OBJC_BRIDGING_HEADER = "PartyHunter/PartyHunter-Bridging-Header.h";
				SWIFT_OPTIMIZATION_LEVEL = "-Onone";
			};
			name = Debug;
		};
		8CFC16171D7E937000A99C56 /* Release */ = {
			isa = XCBuildConfiguration;
			baseConfigurationReference = C4E42BA33E9EC09444A1957E /* Pods-PartyHunter.release.xcconfig */;
			buildSettings = {
				ASSETCATALOG_COMPILER_APPICON_NAME = AppIcon;
				CLANG_ENABLE_MODULES = YES;
				CODE_SIGN_IDENTITY = "iPhone Developer";
				FRAMEWORK_SEARCH_PATHS = (
					"$(inherited)",
					"$(PROJECT_DIR)/PartyHunter",
				);
				INFOPLIST_FILE = PartyHunter/Info.plist;
				LD_RUNPATH_SEARCH_PATHS = "$(inherited) @executable_path/Frameworks";
				PRODUCT_BUNDLE_IDENTIFIER = com.daniel.PartyHunter;
				PRODUCT_NAME = "$(TARGET_NAME)";
				SWIFT_OBJC_BRIDGING_HEADER = "PartyHunter/PartyHunter-Bridging-Header.h";
			};
			name = Release;
		};
		8CFC16191D7E937000A99C56 /* Debug */ = {
			isa = XCBuildConfiguration;
			baseConfigurationReference = 0F2401DAC9389CB219693ADB /* Pods-PartyHunterTests.debug.xcconfig */;
			buildSettings = {
				BUNDLE_LOADER = "$(TEST_HOST)";
				INFOPLIST_FILE = PartyHunterTests/Info.plist;
				LD_RUNPATH_SEARCH_PATHS = "$(inherited) @executable_path/Frameworks @loader_path/Frameworks";
				PRODUCT_BUNDLE_IDENTIFIER = com.daniel.PartyHunterTests;
				PRODUCT_NAME = "$(TARGET_NAME)";
				TEST_HOST = "$(BUILT_PRODUCTS_DIR)/PartyHunter.app/PartyHunter";
			};
			name = Debug;
		};
		8CFC161A1D7E937000A99C56 /* Release */ = {
			isa = XCBuildConfiguration;
			baseConfigurationReference = 61A6778CDACC0FE1FA36CC62 /* Pods-PartyHunterTests.release.xcconfig */;
			buildSettings = {
				BUNDLE_LOADER = "$(TEST_HOST)";
				INFOPLIST_FILE = PartyHunterTests/Info.plist;
				LD_RUNPATH_SEARCH_PATHS = "$(inherited) @executable_path/Frameworks @loader_path/Frameworks";
				PRODUCT_BUNDLE_IDENTIFIER = com.daniel.PartyHunterTests;
				PRODUCT_NAME = "$(TARGET_NAME)";
				TEST_HOST = "$(BUILT_PRODUCTS_DIR)/PartyHunter.app/PartyHunter";
			};
			name = Release;
		};
		8CFC161C1D7E937000A99C56 /* Debug */ = {
			isa = XCBuildConfiguration;
			baseConfigurationReference = 4708A7C8DC37FA07ECF01AC1 /* Pods-PartyHunterUITests.debug.xcconfig */;
			buildSettings = {
				INFOPLIST_FILE = PartyHunterUITests/Info.plist;
				LD_RUNPATH_SEARCH_PATHS = "$(inherited) @executable_path/Frameworks @loader_path/Frameworks";
				PRODUCT_BUNDLE_IDENTIFIER = com.daniel.PartyHunterUITests;
				PRODUCT_NAME = "$(TARGET_NAME)";
				TEST_TARGET_NAME = PartyHunter;
			};
			name = Debug;
		};
		8CFC161D1D7E937000A99C56 /* Release */ = {
			isa = XCBuildConfiguration;
			baseConfigurationReference = A454EAEE9AA22B1367E35B80 /* Pods-PartyHunterUITests.release.xcconfig */;
			buildSettings = {
				INFOPLIST_FILE = PartyHunterUITests/Info.plist;
				LD_RUNPATH_SEARCH_PATHS = "$(inherited) @executable_path/Frameworks @loader_path/Frameworks";
				PRODUCT_BUNDLE_IDENTIFIER = com.daniel.PartyHunterUITests;
				PRODUCT_NAME = "$(TARGET_NAME)";
				TEST_TARGET_NAME = PartyHunter;
			};
			name = Release;
		};
/* End XCBuildConfiguration section */

/* Begin XCConfigurationList section */
		8CFC15E81D7E937000A99C56 /* Build configuration list for PBXProject "PartyHunter" */ = {
			isa = XCConfigurationList;
			buildConfigurations = (
				8CFC16131D7E937000A99C56 /* Debug */,
				8CFC16141D7E937000A99C56 /* Release */,
			);
			defaultConfigurationIsVisible = 0;
			defaultConfigurationName = Release;
		};
		8CFC16151D7E937000A99C56 /* Build configuration list for PBXNativeTarget "PartyHunter" */ = {
			isa = XCConfigurationList;
			buildConfigurations = (
				8CFC16161D7E937000A99C56 /* Debug */,
				8CFC16171D7E937000A99C56 /* Release */,
			);
			defaultConfigurationIsVisible = 0;
			defaultConfigurationName = Release;
		};
		8CFC16181D7E937000A99C56 /* Build configuration list for PBXNativeTarget "PartyHunterTests" */ = {
			isa = XCConfigurationList;
			buildConfigurations = (
				8CFC16191D7E937000A99C56 /* Debug */,
				8CFC161A1D7E937000A99C56 /* Release */,
			);
			defaultConfigurationIsVisible = 0;
			defaultConfigurationName = Release;
		};
		8CFC161B1D7E937000A99C56 /* Build configuration list for PBXNativeTarget "PartyHunterUITests" */ = {
			isa = XCConfigurationList;
			buildConfigurations = (
				8CFC161C1D7E937000A99C56 /* Debug */,
				8CFC161D1D7E937000A99C56 /* Release */,
			);
			defaultConfigurationIsVisible = 0;
			defaultConfigurationName = Release;
		};
/* End XCConfigurationList section */
	};
	rootObject = 8CFC15E51D7E937000A99C56 /* Project object */;
}
